{
  "name": "RateLimiter",
  "lockfileVersion": 3,
  "requires": true,
  "packages": {
    "": {
      "dependencies": {
        "resilience4j": "^1.0.0"
      }
    },
    "node_modules/resilience4j": {
      "version": "1.0.0",
      "resolved": "https://registry.npmjs.org/resilience4j/-/resilience4j-1.0.0.tgz",
      "integrity": "sha512-vBjHuwRxF6MBvyMEy4ofTFXbXGqcvz/I9p6xtvs9hmyX/Lf2uGUkCLd3+QpJ3V0kxNCGcKNKCoPV734X6AJj8w==",
      "license": "ISC"
    }
  }
}
